
Microsoft Visual Studio Solution File, Format Version 12.00
# Visual Studio 14
VisualStudioVersion = 14.0.23107.0
MinimumVisualStudioVersion = 10.0.40219.1
Project("{FAE04EC0-301F-11D3-BF4B-00C04F79EFBC}") = "VSOutputEnhancer", "VSOutputEnhancer\VSOutputEnhancer.csproj", "{C6ABB595-5996-4AED-8F98-878AF0BBCB56}"
EndProject
Project("{FAE04EC0-301F-11D3-BF4B-00C04F79EFBC}") = "UnitTests", "UnitTests\UnitTests.csproj", "{D39BE8AE-3604-4B3F-8DE6-D3A6218B4C68}"
EndProject
Global
	GlobalSection(SolutionConfigurationPlatforms) = preSolution
		Debug|Any CPU = Debug|Any CPU
		Release|Any CPU = Release|Any CPU
	EndGlobalSection
	GlobalSection(ProjectConfigurationPlatforms) = postSolution
		{C6ABB595-5996-4AED-8F98-878AF0BBCB56}.Debug|Any CPU.ActiveCfg = Debug|Any CPU
		{C6ABB595-5996-4AED-8F98-878AF0BBCB56}.Debug|Any CPU.Build.0 = Debug|Any CPU
		{C6ABB595-5996-4AED-8F98-878AF0BBCB56}.Release|Any CPU.ActiveCfg = Release|Any CPU
		{C6ABB595-5996-4AED-8F98-878AF0BBCB56}.Release|Any CPU.Build.0 = Release|Any CPU
		{D39BE8AE-3604-4B3F-8DE6-D3A6218B4C68}.Debug|Any CPU.ActiveCfg = Debug|Any CPU
		{D39BE8AE-3604-4B3F-8DE6-D3A6218B4C68}.Debug|Any CPU.Build.0 = Debug|Any CPU
		{D39BE8AE-3604-4B3F-8DE6-D3A6218B4C68}.Release|Any CPU.ActiveCfg = Release|Any CPU
		{D39BE8AE-3604-4B3F-8DE6-D3A6218B4C68}.Release|Any CPU.Build.0 = Release|Any CPU
	EndGlobalSection
	GlobalSection(SolutionProperties) = preSolution
		HideSolutionNode = FALSE
	EndGlobalSection
EndGlobal
