
Microsoft Visual Studio Solution File, Format Version 12.00
# Visual Studio 15
VisualStudioVersion = 15.0.26020.0
MinimumVisualStudioVersion = 10.0.40219.1
Project("{2150E333-8FDC-42A3-9474-1A3956D46DE8}") = "Build", "Build", "{D2183F6C-418A-45D5-840D-5BFDC7A832E8}"
	ProjectSection(SolutionItems) = preProject
		Build\GlobalAssemblyInfo.cs = Build\GlobalAssemblyInfo.cs
	EndProjectSection
EndProject
Project("{2150E333-8FDC-42A3-9474-1A3956D46DE8}") = "Tests", "Tests", "{098FC160-EF72-40C1-933A-CAFF5D4B6EAE}"
EndProject
Project("{FAE04EC0-301F-11D3-BF4B-00C04F79EFBC}") = "UnitTests", "Tests\UnitTests\UnitTests.csproj", "{D39BE8AE-3604-4B3F-8DE6-D3A6218B4C68}"
EndProject
Project("{FAE04EC0-301F-11D3-BF4B-00C04F79EFBC}") = "VSOutputEnhancer", "VSOutputEnhancer\VSOutputEnhancer.csproj", "{AEF34482-9ED6-4DC1-ACE4-59773A0C0635}"
EndProject
Project("{FAE04EC0-301F-11D3-BF4B-00C04F79EFBC}") = "VsixPackage", "VsixPackage\VsixPackage.csproj", "{EF89C340-CD9E-4DE7-902A-7361936F5BCB}"
EndProject
Project("{FAE04EC0-301F-11D3-BF4B-00C04F79EFBC}") = "PerfomanceTests", "Tests\PerfomanceTests\PerfomanceTests.csproj", "{73584EB2-2F41-4BD4-BC50-9456BFD5291F}"
EndProject
Project("{FAE04EC0-301F-11D3-BF4B-00C04F79EFBC}") = "TestsBase", "Tests\TestsBase\TestsBase.csproj", "{D8D86AEE-1797-427A-A80A-011E66FDA6F0}"
EndProject
Project("{FAE04EC0-301F-11D3-BF4B-00C04F79EFBC}") = "IntegrationTests", "Tests\IntegrationTests\IntegrationTests.csproj", "{981A525F-0B47-4B32-96D0-D2834D22E870}"
EndProject
Project("{FAE04EC0-301F-11D3-BF4B-00C04F79EFBC}") = "VSOutputEnhancer.Logic", "VSOutputEnhancer.Logic\VSOutputEnhancer.Logic.csproj", "{CDD549A2-0E9A-4D4A-98AC-C0A9B3DAB464}"
EndProject
Project("{FAE04EC0-301F-11D3-BF4B-00C04F79EFBC}") = "VSOutputEnhancer.Tests.Base", "Tests\VSOutputEnhancer.Tests.Base\VSOutputEnhancer.Tests.Base.csproj", "{955DEC8D-FBFC-4644-81FB-6D83AE505D22}"
EndProject
Project("{FAE04EC0-301F-11D3-BF4B-00C04F79EFBC}") = "VSOutputEnhancer.Logic.Tests", "Tests\VSOutputEnhancer.Logic.Tests\VSOutputEnhancer.Logic.Tests.csproj", "{2EF96336-8289-4E8D-B56C-BC178D978F8A}"
EndProject
Global
	GlobalSection(SolutionConfigurationPlatforms) = preSolution
		Debug|Any CPU = Debug|Any CPU
		Debug|ARM = Debug|ARM
		Debug|x64 = Debug|x64
		Debug|x86 = Debug|x86
		Release|Any CPU = Release|Any CPU
		Release|ARM = Release|ARM
		Release|x64 = Release|x64
		Release|x86 = Release|x86
	EndGlobalSection
	GlobalSection(ProjectConfigurationPlatforms) = postSolution
		{D39BE8AE-3604-4B3F-8DE6-D3A6218B4C68}.Debug|Any CPU.ActiveCfg = Debug|Any CPU
		{D39BE8AE-3604-4B3F-8DE6-D3A6218B4C68}.Debug|Any CPU.Build.0 = Debug|Any CPU
		{D39BE8AE-3604-4B3F-8DE6-D3A6218B4C68}.Debug|ARM.ActiveCfg = Debug|Any CPU
		{D39BE8AE-3604-4B3F-8DE6-D3A6218B4C68}.Debug|ARM.Build.0 = Debug|Any CPU
		{D39BE8AE-3604-4B3F-8DE6-D3A6218B4C68}.Debug|x64.ActiveCfg = Debug|Any CPU
		{D39BE8AE-3604-4B3F-8DE6-D3A6218B4C68}.Debug|x64.Build.0 = Debug|Any CPU
		{D39BE8AE-3604-4B3F-8DE6-D3A6218B4C68}.Debug|x86.ActiveCfg = Debug|Any CPU
		{D39BE8AE-3604-4B3F-8DE6-D3A6218B4C68}.Debug|x86.Build.0 = Debug|Any CPU
		{D39BE8AE-3604-4B3F-8DE6-D3A6218B4C68}.Release|Any CPU.ActiveCfg = Release|Any CPU
		{D39BE8AE-3604-4B3F-8DE6-D3A6218B4C68}.Release|Any CPU.Build.0 = Release|Any CPU
		{D39BE8AE-3604-4B3F-8DE6-D3A6218B4C68}.Release|ARM.ActiveCfg = Release|Any CPU
		{D39BE8AE-3604-4B3F-8DE6-D3A6218B4C68}.Release|ARM.Build.0 = Release|Any CPU
		{D39BE8AE-3604-4B3F-8DE6-D3A6218B4C68}.Release|x64.ActiveCfg = Release|Any CPU
		{D39BE8AE-3604-4B3F-8DE6-D3A6218B4C68}.Release|x64.Build.0 = Release|Any CPU
		{D39BE8AE-3604-4B3F-8DE6-D3A6218B4C68}.Release|x86.ActiveCfg = Release|Any CPU
		{D39BE8AE-3604-4B3F-8DE6-D3A6218B4C68}.Release|x86.Build.0 = Release|Any CPU
		{AEF34482-9ED6-4DC1-ACE4-59773A0C0635}.Debug|Any CPU.ActiveCfg = Debug|Any CPU
		{AEF34482-9ED6-4DC1-ACE4-59773A0C0635}.Debug|Any CPU.Build.0 = Debug|Any CPU
		{AEF34482-9ED6-4DC1-ACE4-59773A0C0635}.Debug|ARM.ActiveCfg = Debug|Any CPU
		{AEF34482-9ED6-4DC1-ACE4-59773A0C0635}.Debug|ARM.Build.0 = Debug|Any CPU
		{AEF34482-9ED6-4DC1-ACE4-59773A0C0635}.Debug|x64.ActiveCfg = Debug|Any CPU
		{AEF34482-9ED6-4DC1-ACE4-59773A0C0635}.Debug|x64.Build.0 = Debug|Any CPU
		{AEF34482-9ED6-4DC1-ACE4-59773A0C0635}.Debug|x86.ActiveCfg = Debug|Any CPU
		{AEF34482-9ED6-4DC1-ACE4-59773A0C0635}.Debug|x86.Build.0 = Debug|Any CPU
		{AEF34482-9ED6-4DC1-ACE4-59773A0C0635}.Release|Any CPU.ActiveCfg = Release|Any CPU
		{AEF34482-9ED6-4DC1-ACE4-59773A0C0635}.Release|Any CPU.Build.0 = Release|Any CPU
		{AEF34482-9ED6-4DC1-ACE4-59773A0C0635}.Release|ARM.ActiveCfg = Release|Any CPU
		{AEF34482-9ED6-4DC1-ACE4-59773A0C0635}.Release|ARM.Build.0 = Release|Any CPU
		{AEF34482-9ED6-4DC1-ACE4-59773A0C0635}.Release|x64.ActiveCfg = Release|Any CPU
		{AEF34482-9ED6-4DC1-ACE4-59773A0C0635}.Release|x64.Build.0 = Release|Any CPU
		{AEF34482-9ED6-4DC1-ACE4-59773A0C0635}.Release|x86.ActiveCfg = Release|Any CPU
		{AEF34482-9ED6-4DC1-ACE4-59773A0C0635}.Release|x86.Build.0 = Release|Any CPU
		{EF89C340-CD9E-4DE7-902A-7361936F5BCB}.Debug|Any CPU.ActiveCfg = Debug|Any CPU
		{EF89C340-CD9E-4DE7-902A-7361936F5BCB}.Debug|Any CPU.Build.0 = Debug|Any CPU
		{EF89C340-CD9E-4DE7-902A-7361936F5BCB}.Debug|ARM.ActiveCfg = Debug|Any CPU
		{EF89C340-CD9E-4DE7-902A-7361936F5BCB}.Debug|ARM.Build.0 = Debug|Any CPU
		{EF89C340-CD9E-4DE7-902A-7361936F5BCB}.Debug|x64.ActiveCfg = Debug|Any CPU
		{EF89C340-CD9E-4DE7-902A-7361936F5BCB}.Debug|x64.Build.0 = Debug|Any CPU
		{EF89C340-CD9E-4DE7-902A-7361936F5BCB}.Debug|x86.ActiveCfg = Debug|Any CPU
		{EF89C340-CD9E-4DE7-902A-7361936F5BCB}.Debug|x86.Build.0 = Debug|Any CPU
		{EF89C340-CD9E-4DE7-902A-7361936F5BCB}.Release|Any CPU.ActiveCfg = Release|Any CPU
		{EF89C340-CD9E-4DE7-902A-7361936F5BCB}.Release|Any CPU.Build.0 = Release|Any CPU
		{EF89C340-CD9E-4DE7-902A-7361936F5BCB}.Release|ARM.ActiveCfg = Release|Any CPU
		{EF89C340-CD9E-4DE7-902A-7361936F5BCB}.Release|ARM.Build.0 = Release|Any CPU
		{EF89C340-CD9E-4DE7-902A-7361936F5BCB}.Release|x64.ActiveCfg = Release|Any CPU
		{EF89C340-CD9E-4DE7-902A-7361936F5BCB}.Release|x64.Build.0 = Release|Any CPU
		{EF89C340-CD9E-4DE7-902A-7361936F5BCB}.Release|x86.ActiveCfg = Release|Any CPU
		{EF89C340-CD9E-4DE7-902A-7361936F5BCB}.Release|x86.Build.0 = Release|Any CPU
		{73584EB2-2F41-4BD4-BC50-9456BFD5291F}.Debug|Any CPU.ActiveCfg = Debug|Any CPU
		{73584EB2-2F41-4BD4-BC50-9456BFD5291F}.Debug|Any CPU.Build.0 = Debug|Any CPU
		{73584EB2-2F41-4BD4-BC50-9456BFD5291F}.Debug|ARM.ActiveCfg = Debug|Any CPU
		{73584EB2-2F41-4BD4-BC50-9456BFD5291F}.Debug|ARM.Build.0 = Debug|Any CPU
		{73584EB2-2F41-4BD4-BC50-9456BFD5291F}.Debug|x64.ActiveCfg = Debug|Any CPU
		{73584EB2-2F41-4BD4-BC50-9456BFD5291F}.Debug|x64.Build.0 = Debug|Any CPU
		{73584EB2-2F41-4BD4-BC50-9456BFD5291F}.Debug|x86.ActiveCfg = Debug|Any CPU
		{73584EB2-2F41-4BD4-BC50-9456BFD5291F}.Debug|x86.Build.0 = Debug|Any CPU
		{73584EB2-2F41-4BD4-BC50-9456BFD5291F}.Release|Any CPU.ActiveCfg = Release|Any CPU
		{73584EB2-2F41-4BD4-BC50-9456BFD5291F}.Release|Any CPU.Build.0 = Release|Any CPU
		{73584EB2-2F41-4BD4-BC50-9456BFD5291F}.Release|ARM.ActiveCfg = Release|Any CPU
		{73584EB2-2F41-4BD4-BC50-9456BFD5291F}.Release|ARM.Build.0 = Release|Any CPU
		{73584EB2-2F41-4BD4-BC50-9456BFD5291F}.Release|x64.ActiveCfg = Release|Any CPU
		{73584EB2-2F41-4BD4-BC50-9456BFD5291F}.Release|x64.Build.0 = Release|Any CPU
		{73584EB2-2F41-4BD4-BC50-9456BFD5291F}.Release|x86.ActiveCfg = Release|Any CPU
		{73584EB2-2F41-4BD4-BC50-9456BFD5291F}.Release|x86.Build.0 = Release|Any CPU
		{D8D86AEE-1797-427A-A80A-011E66FDA6F0}.Debug|Any CPU.ActiveCfg = Debug|Any CPU
		{D8D86AEE-1797-427A-A80A-011E66FDA6F0}.Debug|Any CPU.Build.0 = Debug|Any CPU
		{D8D86AEE-1797-427A-A80A-011E66FDA6F0}.Debug|ARM.ActiveCfg = Debug|Any CPU
		{D8D86AEE-1797-427A-A80A-011E66FDA6F0}.Debug|ARM.Build.0 = Debug|Any CPU
		{D8D86AEE-1797-427A-A80A-011E66FDA6F0}.Debug|x64.ActiveCfg = Debug|Any CPU
		{D8D86AEE-1797-427A-A80A-011E66FDA6F0}.Debug|x64.Build.0 = Debug|Any CPU
		{D8D86AEE-1797-427A-A80A-011E66FDA6F0}.Debug|x86.ActiveCfg = Debug|Any CPU
		{D8D86AEE-1797-427A-A80A-011E66FDA6F0}.Debug|x86.Build.0 = Debug|Any CPU
		{D8D86AEE-1797-427A-A80A-011E66FDA6F0}.Release|Any CPU.ActiveCfg = Release|Any CPU
		{D8D86AEE-1797-427A-A80A-011E66FDA6F0}.Release|Any CPU.Build.0 = Release|Any CPU
		{D8D86AEE-1797-427A-A80A-011E66FDA6F0}.Release|ARM.ActiveCfg = Release|Any CPU
		{D8D86AEE-1797-427A-A80A-011E66FDA6F0}.Release|ARM.Build.0 = Release|Any CPU
		{D8D86AEE-1797-427A-A80A-011E66FDA6F0}.Release|x64.ActiveCfg = Release|Any CPU
		{D8D86AEE-1797-427A-A80A-011E66FDA6F0}.Release|x64.Build.0 = Release|Any CPU
		{D8D86AEE-1797-427A-A80A-011E66FDA6F0}.Release|x86.ActiveCfg = Release|Any CPU
		{D8D86AEE-1797-427A-A80A-011E66FDA6F0}.Release|x86.Build.0 = Release|Any CPU
		{981A525F-0B47-4B32-96D0-D2834D22E870}.Debug|Any CPU.ActiveCfg = Debug|Any CPU
		{981A525F-0B47-4B32-96D0-D2834D22E870}.Debug|Any CPU.Build.0 = Debug|Any CPU
		{981A525F-0B47-4B32-96D0-D2834D22E870}.Debug|ARM.ActiveCfg = Debug|Any CPU
		{981A525F-0B47-4B32-96D0-D2834D22E870}.Debug|ARM.Build.0 = Debug|Any CPU
		{981A525F-0B47-4B32-96D0-D2834D22E870}.Debug|x64.ActiveCfg = Debug|Any CPU
		{981A525F-0B47-4B32-96D0-D2834D22E870}.Debug|x64.Build.0 = Debug|Any CPU
		{981A525F-0B47-4B32-96D0-D2834D22E870}.Debug|x86.ActiveCfg = Debug|Any CPU
		{981A525F-0B47-4B32-96D0-D2834D22E870}.Debug|x86.Build.0 = Debug|Any CPU
		{981A525F-0B47-4B32-96D0-D2834D22E870}.Release|Any CPU.ActiveCfg = Release|Any CPU
		{981A525F-0B47-4B32-96D0-D2834D22E870}.Release|Any CPU.Build.0 = Release|Any CPU
		{981A525F-0B47-4B32-96D0-D2834D22E870}.Release|ARM.ActiveCfg = Release|Any CPU
		{981A525F-0B47-4B32-96D0-D2834D22E870}.Release|ARM.Build.0 = Release|Any CPU
		{981A525F-0B47-4B32-96D0-D2834D22E870}.Release|x64.ActiveCfg = Release|Any CPU
		{981A525F-0B47-4B32-96D0-D2834D22E870}.Release|x64.Build.0 = Release|Any CPU
		{981A525F-0B47-4B32-96D0-D2834D22E870}.Release|x86.ActiveCfg = Release|Any CPU
		{981A525F-0B47-4B32-96D0-D2834D22E870}.Release|x86.Build.0 = Release|Any CPU
		{CDD549A2-0E9A-4D4A-98AC-C0A9B3DAB464}.Debug|Any CPU.ActiveCfg = Debug|Any CPU
		{CDD549A2-0E9A-4D4A-98AC-C0A9B3DAB464}.Debug|Any CPU.Build.0 = Debug|Any CPU
		{CDD549A2-0E9A-4D4A-98AC-C0A9B3DAB464}.Debug|ARM.ActiveCfg = Debug|Any CPU
		{CDD549A2-0E9A-4D4A-98AC-C0A9B3DAB464}.Debug|ARM.Build.0 = Debug|Any CPU
		{CDD549A2-0E9A-4D4A-98AC-C0A9B3DAB464}.Debug|x64.ActiveCfg = Debug|Any CPU
		{CDD549A2-0E9A-4D4A-98AC-C0A9B3DAB464}.Debug|x64.Build.0 = Debug|Any CPU
		{CDD549A2-0E9A-4D4A-98AC-C0A9B3DAB464}.Debug|x86.ActiveCfg = Debug|Any CPU
		{CDD549A2-0E9A-4D4A-98AC-C0A9B3DAB464}.Debug|x86.Build.0 = Debug|Any CPU
		{CDD549A2-0E9A-4D4A-98AC-C0A9B3DAB464}.Release|Any CPU.ActiveCfg = Release|Any CPU
		{CDD549A2-0E9A-4D4A-98AC-C0A9B3DAB464}.Release|Any CPU.Build.0 = Release|Any CPU
		{CDD549A2-0E9A-4D4A-98AC-C0A9B3DAB464}.Release|ARM.ActiveCfg = Release|Any CPU
		{CDD549A2-0E9A-4D4A-98AC-C0A9B3DAB464}.Release|ARM.Build.0 = Release|Any CPU
		{CDD549A2-0E9A-4D4A-98AC-C0A9B3DAB464}.Release|x64.ActiveCfg = Release|Any CPU
		{CDD549A2-0E9A-4D4A-98AC-C0A9B3DAB464}.Release|x64.Build.0 = Release|Any CPU
		{CDD549A2-0E9A-4D4A-98AC-C0A9B3DAB464}.Release|x86.ActiveCfg = Release|Any CPU
		{CDD549A2-0E9A-4D4A-98AC-C0A9B3DAB464}.Release|x86.Build.0 = Release|Any CPU
		{955DEC8D-FBFC-4644-81FB-6D83AE505D22}.Debug|Any CPU.ActiveCfg = Debug|Any CPU
		{955DEC8D-FBFC-4644-81FB-6D83AE505D22}.Debug|Any CPU.Build.0 = Debug|Any CPU
		{955DEC8D-FBFC-4644-81FB-6D83AE505D22}.Debug|ARM.ActiveCfg = Debug|Any CPU
		{955DEC8D-FBFC-4644-81FB-6D83AE505D22}.Debug|ARM.Build.0 = Debug|Any CPU
		{955DEC8D-FBFC-4644-81FB-6D83AE505D22}.Debug|x64.ActiveCfg = Debug|Any CPU
		{955DEC8D-FBFC-4644-81FB-6D83AE505D22}.Debug|x64.Build.0 = Debug|Any CPU
		{955DEC8D-FBFC-4644-81FB-6D83AE505D22}.Debug|x86.ActiveCfg = Debug|Any CPU
		{955DEC8D-FBFC-4644-81FB-6D83AE505D22}.Debug|x86.Build.0 = Debug|Any CPU
		{955DEC8D-FBFC-4644-81FB-6D83AE505D22}.Release|Any CPU.ActiveCfg = Release|Any CPU
		{955DEC8D-FBFC-4644-81FB-6D83AE505D22}.Release|Any CPU.Build.0 = Release|Any CPU
		{955DEC8D-FBFC-4644-81FB-6D83AE505D22}.Release|ARM.ActiveCfg = Release|Any CPU
		{955DEC8D-FBFC-4644-81FB-6D83AE505D22}.Release|ARM.Build.0 = Release|Any CPU
		{955DEC8D-FBFC-4644-81FB-6D83AE505D22}.Release|x64.ActiveCfg = Release|Any CPU
		{955DEC8D-FBFC-4644-81FB-6D83AE505D22}.Release|x64.Build.0 = Release|Any CPU
		{955DEC8D-FBFC-4644-81FB-6D83AE505D22}.Release|x86.ActiveCfg = Release|Any CPU
		{955DEC8D-FBFC-4644-81FB-6D83AE505D22}.Release|x86.Build.0 = Release|Any CPU
		{2EF96336-8289-4E8D-B56C-BC178D978F8A}.Debug|Any CPU.ActiveCfg = Debug|Any CPU
		{2EF96336-8289-4E8D-B56C-BC178D978F8A}.Debug|Any CPU.Build.0 = Debug|Any CPU
		{2EF96336-8289-4E8D-B56C-BC178D978F8A}.Debug|ARM.ActiveCfg = Debug|Any CPU
		{2EF96336-8289-4E8D-B56C-BC178D978F8A}.Debug|ARM.Build.0 = Debug|Any CPU
		{2EF96336-8289-4E8D-B56C-BC178D978F8A}.Debug|x64.ActiveCfg = Debug|Any CPU
		{2EF96336-8289-4E8D-B56C-BC178D978F8A}.Debug|x64.Build.0 = Debug|Any CPU
		{2EF96336-8289-4E8D-B56C-BC178D978F8A}.Debug|x86.ActiveCfg = Debug|Any CPU
		{2EF96336-8289-4E8D-B56C-BC178D978F8A}.Debug|x86.Build.0 = Debug|Any CPU
		{2EF96336-8289-4E8D-B56C-BC178D978F8A}.Release|Any CPU.ActiveCfg = Release|Any CPU
		{2EF96336-8289-4E8D-B56C-BC178D978F8A}.Release|Any CPU.Build.0 = Release|Any CPU
		{2EF96336-8289-4E8D-B56C-BC178D978F8A}.Release|ARM.ActiveCfg = Release|Any CPU
		{2EF96336-8289-4E8D-B56C-BC178D978F8A}.Release|ARM.Build.0 = Release|Any CPU
		{2EF96336-8289-4E8D-B56C-BC178D978F8A}.Release|x64.ActiveCfg = Release|Any CPU
		{2EF96336-8289-4E8D-B56C-BC178D978F8A}.Release|x64.Build.0 = Release|Any CPU
		{2EF96336-8289-4E8D-B56C-BC178D978F8A}.Release|x86.ActiveCfg = Release|Any CPU
		{2EF96336-8289-4E8D-B56C-BC178D978F8A}.Release|x86.Build.0 = Release|Any CPU
	EndGlobalSection
	GlobalSection(SolutionProperties) = preSolution
		HideSolutionNode = FALSE
	EndGlobalSection
	GlobalSection(NestedProjects) = preSolution
		{D39BE8AE-3604-4B3F-8DE6-D3A6218B4C68} = {098FC160-EF72-40C1-933A-CAFF5D4B6EAE}
		{73584EB2-2F41-4BD4-BC50-9456BFD5291F} = {098FC160-EF72-40C1-933A-CAFF5D4B6EAE}
		{D8D86AEE-1797-427A-A80A-011E66FDA6F0} = {098FC160-EF72-40C1-933A-CAFF5D4B6EAE}
		{981A525F-0B47-4B32-96D0-D2834D22E870} = {098FC160-EF72-40C1-933A-CAFF5D4B6EAE}
		{955DEC8D-FBFC-4644-81FB-6D83AE505D22} = {098FC160-EF72-40C1-933A-CAFF5D4B6EAE}
		{2EF96336-8289-4E8D-B56C-BC178D978F8A} = {098FC160-EF72-40C1-933A-CAFF5D4B6EAE}
	EndGlobalSection
EndGlobal
